<?xml version="1.0" encoding="utf-8"?>
<Project ToolsVersion="4.0" xmlns="http://schemas.microsoft.com/developer/msbuild/2003">
  <ItemGroup>
    <Filter Include="Source Files">
      <UniqueIdentifier>{4FC737F1-C7A5-4376-A066-2A32D752A2FF}</UniqueIdentifier>
      <Extensions>cpp;c;cc;cxx;def;odl;idl;hpj;bat;asm;asmx</Extensions>
    </Filter>
    <Filter Include="Header Files">
      <UniqueIdentifier>{93995380-89BD-4b04-88EB-625FBE52EBFB}</UniqueIdentifier>
      <Extensions>h;hh;hpp;hxx;hm;inl;inc;xsd</Extensions>
    </Filter>
    <Filter Include="Resource Files">
      <UniqueIdentifier>{67DA6AB6-F800-4c08-8B7A-83BB121AAD01}</UniqueIdentifier>
      <Extensions>rc;ico;cur;bmp;dlg;rc2;rct;bin;rgs;gif;jpg;jpeg;jpe;resx;tiff;tif;png;wav;mfcribbon-ms</Extensions>
    </Filter>
    <Filter Include="Header Files\Coordinate">
      <UniqueIdentifier>{8d5958ce-5b07-4e40-b867-ada568956309}</UniqueIdentifier>
    </Filter>
    <Filter Include="Source Files\Coordinate">
      <UniqueIdentifier>{be4ec8ab-06ee-4a81-9e8f-de483e9dc66b}</UniqueIdentifier>
    </Filter>
    <Filter Include="Header Files\FileReader">
      <UniqueIdentifier>{ff555211-5e04-4259-b7be-f2e693e5fb41}</UniqueIdentifier>
    </Filter>
    <Filter Include="Source Files\FileReader">
      <UniqueIdentifier>{c3def83a-4792-468e-b3a4-954dcc8b32c3}</UniqueIdentifier>
    </Filter>
    <Filter Include="Header Files\Entities">
      <UniqueIdentifier>{14441404-a0af-4d4b-9fa2-0d764af4ef58}</UniqueIdentifier>
    </Filter>
    <Filter Include="Source Files\Entities">
      <UniqueIdentifier>{f3571602-323c-437e-b24a-e6d24fff63c1}</UniqueIdentifier>
    </Filter>
  </ItemGroup>
  <ItemGroup>
    <ClCompile Include="main.cpp">
      <Filter>Source Files</Filter>
    </ClCompile>
    <ClCompile Include="Settings.cpp">
      <Filter>Source Files</Filter>
    </ClCompile>
    <ClCompile Include="Coordinate\MapCoordinate.cpp">
      <Filter>Source Files\Coordinate</Filter>
    </ClCompile>
    <ClCompile Include="Coordinate\ViewportCoordinate.cpp">
      <Filter>Source Files\Coordinate</Filter>
    </ClCompile>
    <ClCompile Include="FileReader\MapFileReader.cpp">
      <Filter>Source Files\FileReader</Filter>
    </ClCompile>
    <ClCompile Include="Entities\Map.cpp">
      <Filter>Source Files\Entities</Filter>
    </ClCompile>
    <ClCompile Include="Entities\Mouse.cpp">
      <Filter>Source Files\Entities</Filter>
    </ClCompile>
  </ItemGroup>
  <ItemGroup>
    <ClInclude Include="dependencies.h">
      <Filter>Header Files</Filter>
    </ClInclude>
    <ClInclude Include="Coordinate\Coordinate.h">
      <Filter>Header Files\Coordinate</Filter>
    </ClInclude>
    <ClInclude Include="Settings.h">
      <Filter>Header Files</Filter>
    </ClInclude>
    <ClInclude Include="Coordinate\MapCoordinate.h">
      <Filter>Header Files\Coordinate</Filter>
    </ClInclude>
    <ClInclude Include="Coordinate\ViewportCoordinate.h">
      <Filter>Header Files\Coordinate</Filter>
    </ClInclude>
    <ClInclude Include="FileReader\MapFileReader.h">
      <Filter>Header Files\FileReader</Filter>
    </ClInclude>
    <ClInclude Include="Entities\Map.h">
      <Filter>Header Files\Entities</Filter>
    </ClInclude>
    <ClInclude Include="Entities\UX.h">
      <Filter>Header Files\Entities</Filter>
    </ClInclude>
    <ClInclude Include="Entities\Mouse.h">
      <Filter>Header Files\Entities</Filter>
    </ClInclude>
  </ItemGroup>
</Project>